
Microsoft Visual Studio Solution File, Format Version 12.00
# Visual Studio Version 17
VisualStudioVersion = 17.2.32526.322
MinimumVisualStudioVersion = 10.0.40219.1
Project("{9A19103F-16F7-4668-BE54-9A1E7A4F7556}") = "AAL", "AAL\AAL.csproj", "{3A907F67-A0C5-43AB-ABB9-9933A1C1B18F}"
EndProject
Project("{D954291E-2A0B-460D-934E-DC6B0785DB48}") = "MonoGame.CExt", "MonoGame.CExt\MonoGame.CExt.shproj", "{A0CDBD0E-3A41-42B7-9425-A838BC2C7383}"
EndProject
Project("{2150E333-8FDC-42A3-9474-1A3956D46DE8}") = "Solution Items", "Solution Items", "{EE071D82-96C6-4C87-9954-CF8EE51D703F}"
	ProjectSection(SolutionItems) = preProject
		README.md = README.md
	EndProjectSection
EndProject
Global
	GlobalSection(SolutionConfigurationPlatforms) = preSolution
		Debug|Any CPU = Debug|Any CPU
		Release|Any CPU = Release|Any CPU
	EndGlobalSection
	GlobalSection(ProjectConfigurationPlatforms) = postSolution
		{3A907F67-A0C5-43AB-ABB9-9933A1C1B18F}.Debug|Any CPU.ActiveCfg = Debug|Any CPU
		{3A907F67-A0C5-43AB-ABB9-9933A1C1B18F}.Debug|Any CPU.Build.0 = Debug|Any CPU
		{3A907F67-A0C5-43AB-ABB9-9933A1C1B18F}.Release|Any CPU.ActiveCfg = Release|Any CPU
		{3A907F67-A0C5-43AB-ABB9-9933A1C1B18F}.Release|Any CPU.Build.0 = Release|Any CPU
	EndGlobalSection
	GlobalSection(SolutionProperties) = preSolution
		HideSolutionNode = FALSE
	EndGlobalSection
	GlobalSection(ExtensibilityGlobals) = postSolution
		SolutionGuid = {E2BD6934-7AC8-4D15-BA8C-F045D1A28954}
	EndGlobalSection
	GlobalSection(SharedMSBuildProjectFiles) = preSolution
		MonoGame.CExt\MonoGame.CExt.projitems*{3a907f67-a0c5-43ab-abb9-9933a1c1b18f}*SharedItemsImports = 5
		MonoGame.CExt\MonoGame.CExt.projitems*{a0cdbd0e-3a41-42b7-9425-a838bc2c7383}*SharedItemsImports = 13
	EndGlobalSection
EndGlobal
