
Microsoft Visual Studio Solution File, Format Version 12.00
# Visual Studio Version 16
VisualStudioVersion = 16.0.32106.194
MinimumVisualStudioVersion = 10.0.40219.1
Project("{FAE04EC0-301F-11D3-BF4B-00C04F79EFBC}") = "AAL", "AAL\AAL.csproj", "{3A907F67-A0C5-43AB-ABB9-9933A1C1B18F}"
EndProject
Global
	GlobalSection(SolutionConfigurationPlatforms) = preSolution
		Debug|Any CPU = Debug|Any CPU
		Release|Any CPU = Release|Any CPU
	EndGlobalSection
	GlobalSection(ProjectConfigurationPlatforms) = postSolution
		{3A907F67-A0C5-43AB-ABB9-9933A1C1B18F}.Debug|Any CPU.ActiveCfg = Debug|Any CPU
		{3A907F67-A0C5-43AB-ABB9-9933A1C1B18F}.Debug|Any CPU.Build.0 = Debug|Any CPU
		{3A907F67-A0C5-43AB-ABB9-9933A1C1B18F}.Release|Any CPU.ActiveCfg = Release|Any CPU
		{3A907F67-A0C5-43AB-ABB9-9933A1C1B18F}.Release|Any CPU.Build.0 = Release|Any CPU
	EndGlobalSection
	GlobalSection(SolutionProperties) = preSolution
		HideSolutionNode = FALSE
	EndGlobalSection
	GlobalSection(ExtensibilityGlobals) = postSolution
		SolutionGuid = {E2BD6934-7AC8-4D15-BA8C-F045D1A28954}
	EndGlobalSection
EndGlobal
